
Microsoft Visual Studio Solution File, Format Version 12.00
Project("{2150E333-8FDC-42A3-9474-1A3956D46DE8}") = "FrontEnd", "FrontEnd", "{94BF1B45-8820-4911-AEB1-DF03EB2923C5}"
EndProject
Project("{FAE04EC0-301F-11D3-BF4B-00C04F79EFBC}") = "Mango.Web", "Mango.Web\Mango.Web.csproj", "{B03EEE76-C116-410F-9F65-1C36DA982719}"
EndProject
Project("{2150E333-8FDC-42A3-9474-1A3956D46DE8}") = "Services", "Services", "{D49AFB40-63B0-4B12-86A3-B1DC86313726}"
EndProject
Project("{FAE04EC0-301F-11D3-BF4B-00C04F79EFBC}") = "Mango.Services.ProductApi", "Mango.Services.ProductApi\Mango.Services.ProductApi.csproj", "{7F8E7E5F-34B7-4910-91B8-EFB450E6C12F}"
EndProject
Project("{FAE04EC0-301F-11D3-BF4B-00C04F79EFBC}") = "Mango.Services.Identity", "Mango.Services.Identity\Mango.Services.Identity.csproj", "{909B86D2-535A-4B64-8C85-54861890B22B}"
EndProject
Project("{FAE04EC0-301F-11D3-BF4B-00C04F79EFBC}") = "Mango.Services.ShoppingCartApi", "Mango.Services.ShoppingCartApi\Mango.Services.ShoppingCartApi.csproj", "{22C7901F-E993-4200-A88D-0E7943208A88}"
EndProject
Project("{FAE04EC0-301F-11D3-BF4B-00C04F79EFBC}") = "Mango.Services.CouponApi", "Mango.Services.CouponApi\Mango.Services.CouponApi.csproj", "{465BBF61-D6DA-43FB-8623-32555764299E}"
EndProject
Project("{2150E333-8FDC-42A3-9474-1A3956D46DE8}") = "Integration", "Integration", "{4396C4CF-374C-4BEF-A3A9-76A599A07D7B}"
EndProject
Project("{FAE04EC0-301F-11D3-BF4B-00C04F79EFBC}") = "Mango.MessageBus", "Mango.MessageBus\Mango.MessageBus.csproj", "{DC36CDB5-9DD4-44C4-907C-C67B3E51F233}"
EndProject
Project("{FAE04EC0-301F-11D3-BF4B-00C04F79EFBC}") = "Mango.Services.OrderApi", "Mango.Services.OrderApi\Mango.Services.OrderApi.csproj", "{E4C4E80C-5BC7-4653-B7EF-04C35FA1F2C6}"
EndProject
Global
	GlobalSection(SolutionConfigurationPlatforms) = preSolution
		Debug|Any CPU = Debug|Any CPU
		Release|Any CPU = Release|Any CPU
	EndGlobalSection
	GlobalSection(NestedProjects) = preSolution
		{B03EEE76-C116-410F-9F65-1C36DA982719} = {94BF1B45-8820-4911-AEB1-DF03EB2923C5}
		{7F8E7E5F-34B7-4910-91B8-EFB450E6C12F} = {D49AFB40-63B0-4B12-86A3-B1DC86313726}
		{909B86D2-535A-4B64-8C85-54861890B22B} = {D49AFB40-63B0-4B12-86A3-B1DC86313726}
		{22C7901F-E993-4200-A88D-0E7943208A88} = {D49AFB40-63B0-4B12-86A3-B1DC86313726}
		{465BBF61-D6DA-43FB-8623-32555764299E} = {D49AFB40-63B0-4B12-86A3-B1DC86313726}
		{DC36CDB5-9DD4-44C4-907C-C67B3E51F233} = {4396C4CF-374C-4BEF-A3A9-76A599A07D7B}
		{E4C4E80C-5BC7-4653-B7EF-04C35FA1F2C6} = {D49AFB40-63B0-4B12-86A3-B1DC86313726}
	EndGlobalSection
	GlobalSection(ProjectConfigurationPlatforms) = postSolution
		{B03EEE76-C116-410F-9F65-1C36DA982719}.Debug|Any CPU.ActiveCfg = Debug|Any CPU
		{B03EEE76-C116-410F-9F65-1C36DA982719}.Debug|Any CPU.Build.0 = Debug|Any CPU
		{B03EEE76-C116-410F-9F65-1C36DA982719}.Release|Any CPU.ActiveCfg = Release|Any CPU
		{B03EEE76-C116-410F-9F65-1C36DA982719}.Release|Any CPU.Build.0 = Release|Any CPU
		{7F8E7E5F-34B7-4910-91B8-EFB450E6C12F}.Debug|Any CPU.ActiveCfg = Debug|Any CPU
		{7F8E7E5F-34B7-4910-91B8-EFB450E6C12F}.Debug|Any CPU.Build.0 = Debug|Any CPU
		{7F8E7E5F-34B7-4910-91B8-EFB450E6C12F}.Release|Any CPU.ActiveCfg = Release|Any CPU
		{7F8E7E5F-34B7-4910-91B8-EFB450E6C12F}.Release|Any CPU.Build.0 = Release|Any CPU
		{909B86D2-535A-4B64-8C85-54861890B22B}.Debug|Any CPU.ActiveCfg = Debug|Any CPU
		{909B86D2-535A-4B64-8C85-54861890B22B}.Debug|Any CPU.Build.0 = Debug|Any CPU
		{909B86D2-535A-4B64-8C85-54861890B22B}.Release|Any CPU.ActiveCfg = Release|Any CPU
		{909B86D2-535A-4B64-8C85-54861890B22B}.Release|Any CPU.Build.0 = Release|Any CPU
		{22C7901F-E993-4200-A88D-0E7943208A88}.Debug|Any CPU.ActiveCfg = Debug|Any CPU
		{22C7901F-E993-4200-A88D-0E7943208A88}.Debug|Any CPU.Build.0 = Debug|Any CPU
		{22C7901F-E993-4200-A88D-0E7943208A88}.Release|Any CPU.ActiveCfg = Release|Any CPU
		{22C7901F-E993-4200-A88D-0E7943208A88}.Release|Any CPU.Build.0 = Release|Any CPU
		{465BBF61-D6DA-43FB-8623-32555764299E}.Debug|Any CPU.ActiveCfg = Debug|Any CPU
		{465BBF61-D6DA-43FB-8623-32555764299E}.Debug|Any CPU.Build.0 = Debug|Any CPU
		{465BBF61-D6DA-43FB-8623-32555764299E}.Release|Any CPU.ActiveCfg = Release|Any CPU
		{465BBF61-D6DA-43FB-8623-32555764299E}.Release|Any CPU.Build.0 = Release|Any CPU
		{DC36CDB5-9DD4-44C4-907C-C67B3E51F233}.Debug|Any CPU.ActiveCfg = Debug|Any CPU
		{DC36CDB5-9DD4-44C4-907C-C67B3E51F233}.Debug|Any CPU.Build.0 = Debug|Any CPU
		{DC36CDB5-9DD4-44C4-907C-C67B3E51F233}.Release|Any CPU.ActiveCfg = Release|Any CPU
		{DC36CDB5-9DD4-44C4-907C-C67B3E51F233}.Release|Any CPU.Build.0 = Release|Any CPU
		{E4C4E80C-5BC7-4653-B7EF-04C35FA1F2C6}.Debug|Any CPU.ActiveCfg = Debug|Any CPU
		{E4C4E80C-5BC7-4653-B7EF-04C35FA1F2C6}.Debug|Any CPU.Build.0 = Debug|Any CPU
		{E4C4E80C-5BC7-4653-B7EF-04C35FA1F2C6}.Release|Any CPU.ActiveCfg = Release|Any CPU
		{E4C4E80C-5BC7-4653-B7EF-04C35FA1F2C6}.Release|Any CPU.Build.0 = Release|Any CPU
	EndGlobalSection
EndGlobal
